Microsoft Visual Studio Solution File, Format Version 12.00
# Visual Studio Version 17
VisualStudioVersion = 17.1.32421.90
MinimumVisualStudioVersion = 10.0.40219.1
Project("{9A19103F-16F7-4668-BE54-9A1E7A4F7556}") = "WebAgent", "WebAgent.csproj", "{57313740-D2CD-409A-9076-1820FC5DA430}"
EndProject
Project("{9A19103F-16F7-4668-BE54-9A1E7A4F7556}") = "Hyperledger.Aries", "..\..\src\Hyperledger.Aries\Hyperledger.Aries.csproj", "{F2B94B7D-A18D-4586-8A1F-3525897C26DC}"
EndProject
Project("{9A19103F-16F7-4668-BE54-9A1E7A4F7556}") = "Hyperledger.Aries.AspNetCore", "..\..\src\Hyperledger.Aries.AspNetCore\Hyperledger.Aries.AspNetCore.csproj", "{F03A45F6-F84B-4B73-A2FB-9B711EA4B734}"
EndProject
Project("{9A19103F-16F7-4668-BE54-9A1E7A4F7556}") = "Hyperledger.Aries.AspNetCore.Contracts", "..\..\src\Hyperledger.Aries.AspNetCore.Contracts\Hyperledger.Aries.AspNetCore.Contracts.csproj", "{7E15C5EE-31E6-47DA-BF47-F06B8798B6E3}"
EndProject
Project("{FAE04EC0-301F-11D3-BF4B-00C04F79EFBC}") = "DID-Issuer", "..\DID-Issuer\DID-Issuer.csproj", "{A23CC342-1E0A-4179-8105-DF6AE96DB911}"
EndProject
Global
	GlobalSection(SolutionConfigurationPlatforms) = preSolution
		Debug|Any CPU = Debug|Any CPU
		Release|Any CPU = Release|Any CPU
	EndGlobalSection
	GlobalSection(ProjectConfigurationPlatforms) = postSolution
		{57313740-D2CD-409A-9076-1820FC5DA430}.Debug|Any CPU.ActiveCfg = Debug|Any CPU
		{57313740-D2CD-409A-9076-1820FC5DA430}.Debug|Any CPU.Build.0 = Debug|Any CPU
		{57313740-D2CD-409A-9076-1820FC5DA430}.Release|Any CPU.ActiveCfg = Release|Any CPU
		{57313740-D2CD-409A-9076-1820FC5DA430}.Release|Any CPU.Build.0 = Release|Any CPU
		{F2B94B7D-A18D-4586-8A1F-3525897C26DC}.Debug|Any CPU.ActiveCfg = Debug|Any CPU
		{F2B94B7D-A18D-4586-8A1F-3525897C26DC}.Debug|Any CPU.Build.0 = Debug|Any CPU
		{F2B94B7D-A18D-4586-8A1F-3525897C26DC}.Release|Any CPU.ActiveCfg = Release|Any CPU
		{F2B94B7D-A18D-4586-8A1F-3525897C26DC}.Release|Any CPU.Build.0 = Release|Any CPU
		{F03A45F6-F84B-4B73-A2FB-9B711EA4B734}.Debug|Any CPU.ActiveCfg = Debug|Any CPU
		{F03A45F6-F84B-4B73-A2FB-9B711EA4B734}.Debug|Any CPU.Build.0 = Debug|Any CPU
		{F03A45F6-F84B-4B73-A2FB-9B711EA4B734}.Release|Any CPU.ActiveCfg = Release|Any CPU
		{F03A45F6-F84B-4B73-A2FB-9B711EA4B734}.Release|Any CPU.Build.0 = Release|Any CPU
		{7E15C5EE-31E6-47DA-BF47-F06B8798B6E3}.Debug|Any CPU.ActiveCfg = Debug|Any CPU
		{7E15C5EE-31E6-47DA-BF47-F06B8798B6E3}.Debug|Any CPU.Build.0 = Debug|Any CPU
		{7E15C5EE-31E6-47DA-BF47-F06B8798B6E3}.Release|Any CPU.ActiveCfg = Release|Any CPU
		{7E15C5EE-31E6-47DA-BF47-F06B8798B6E3}.Release|Any CPU.Build.0 = Release|Any CPU
		{A23CC342-1E0A-4179-8105-DF6AE96DB911}.Debug|Any CPU.ActiveCfg = Debug|Any CPU
		{A23CC342-1E0A-4179-8105-DF6AE96DB911}.Debug|Any CPU.Build.0 = Debug|Any CPU
		{A23CC342-1E0A-4179-8105-DF6AE96DB911}.Release|Any CPU.ActiveCfg = Release|Any CPU
		{A23CC342-1E0A-4179-8105-DF6AE96DB911}.Release|Any CPU.Build.0 = Release|Any CPU
	EndGlobalSection
	GlobalSection(SolutionProperties) = preSolution
		HideSolutionNode = FALSE
	EndGlobalSection
	GlobalSection(ExtensibilityGlobals) = postSolution
		SolutionGuid = {AD723D94-F48B-44E6-9AEF-BA30574C4504}
	EndGlobalSection
EndGlobal
